// !$*UTF8*$!
{
	archiveVersion = 1;
	classes = {
	};
	objectVersion = 55;
	objects = {

/* Begin PBXBuildFile section */
		E78DE6A22BD683F6003DE0A5 /* main.cpp in Sources */ = {isa = PBXBuildFile; fileRef = E78DE6A12BD683F6003DE0A5 /* main.cpp */; };
		E78DE6B02BD684D4003DE0A5 /* MyADTs.cpp in Sources */ = {isa = PBXBuildFile; fileRef = E78DE6AE2BD684D4003DE0A5 /* MyADTs.cpp */; };
		E78DE6B32BD7EEAE003DE0A5 /* deitelclasses.cpp in Sources */ = {isa = PBXBuildFile; fileRef = E78DE6B12BD7EEAE003DE0A5 /* deitelclasses.cpp */; };
		E78DE6B62BE0FE3C003DE0A5 /* templateADTS.cpp in Sources */ = {isa = PBXBuildFile; fileRef = E78DE6B42BE0FE3C003DE0A5 /* templateADTS.cpp */; };
/* End PBXBuildFile section */

/* Begin PBXCopyFilesBuildPhase section */
		E78DE69C2BD683F6003DE0A5 /* CopyFiles */ = {
			isa = PBXCopyFilesBuildPhase;
			buildActionMask = 2147483647;
			dstPath = /usr/share/man/man1/;
			dstSubfolderSpec = 0;
			files = (
			);
			runOnlyForDeploymentPostprocessing = 1;
		};
/* End PBXCopyFilesBuildPhase section */

/* Begin PBXFileReference section */
		E78DE69E2BD683F6003DE0A5 /* ObjectsClasses1 */ = {isa = PBXFileReference; explicitFileType = "compiled.mach-o.executable"; includeInIndex = 0; path = ObjectsClasses1; sourceTree = BUILT_PRODUCTS_DIR; };
		E78DE6A12BD683F6003DE0A5 /* main.cpp */ = {isa = PBXFileReference; lastKnownFileType = sourcecode.cpp.cpp; path = main.cpp; sourceTree = "<group>"; };
		E78DE6AE2BD684D4003DE0A5 /* MyADTs.cpp */ = {isa = PBXFileReference; lastKnownFileType = sourcecode.cpp.cpp; path = MyADTs.cpp; sourceTree = "<group>"; };
		E78DE6AF2BD684D4003DE0A5 /* MyADTs.hpp */ = {isa = PBXFileReference; lastKnownFileType = sourcecode.cpp.h; path = MyADTs.hpp; sourceTree = "<group>"; };
		E78DE6B12BD7EEAE003DE0A5 /* deitelclasses.cpp */ = {isa = PBXFileReference; lastKnownFileType = sourcecode.cpp.cpp; path = deitelclasses.cpp; sourceTree = "<group>"; };
		E78DE6B22BD7EEAE003DE0A5 /* deitelclasses.hpp */ = {isa = PBXFileReference; lastKnownFileType = sourcecode.cpp.h; path = deitelclasses.hpp; sourceTree = "<group>"; };
		E78DE6B42BE0FE3C003DE0A5 /* templateADTS.cpp */ = {isa = PBXFileReference; lastKnownFileType = sourcecode.cpp.cpp; path = templateADTS.cpp; sourceTree = "<group>"; };
		E78DE6B52BE0FE3C003DE0A5 /* templateADTS.hpp */ = {isa = PBXFileReference; lastKnownFileType = sourcecode.cpp.h; path = templateADTS.hpp; sourceTree = "<group>"; };
/* End PBXFileReference section */

/* Begin PBXFrameworksBuildPhase section */
		E78DE69B2BD683F6003DE0A5 /* Frameworks */ = {
			isa = PBXFrameworksBuildPhase;
			buildActionMask = 2147483647;
			files = (
			);
			runOnlyForDeploymentPostprocessing = 0;
		};
/* End PBXFrameworksBuildPhase section */

/* Begin PBXGroup section */
		E78DE6952BD683F5003DE0A5 = {
			isa = PBXGroup;
			children = (
				E78DE6A02BD683F6003DE0A5 /* ObjectsClasses1 */,
				E78DE69F2BD683F6003DE0A5 /* Products */,
			);
			sourceTree = "<group>";
		};
		E78DE69F2BD683F6003DE0A5 /* Products */ = {
			isa = PBXGroup;
			children = (
				E78DE69E2BD683F6003DE0A5 /* ObjectsClasses1 */,
			);
			name = Products;
			sourceTree = "<group>";
		};
		E78DE6A02BD683F6003DE0A5 /* ObjectsClasses1 */ = {
			isa = PBXGroup;
			children = (
				E78DE6A12BD683F6003DE0A5 /* main.cpp */,
				E78DE6AE2BD684D4003DE0A5 /* MyADTs.cpp */,
				E78DE6AF2BD684D4003DE0A5 /* MyADTs.hpp */,
				E78DE6B12BD7EEAE003DE0A5 /* deitelclasses.cpp */,
				E78DE6B22BD7EEAE003DE0A5 /* deitelclasses.hpp */,
				E78DE6B42BE0FE3C003DE0A5 /* templateADTS.cpp */,
				E78DE6B52BE0FE3C003DE0A5 /* templateADTS.hpp */,
			);
			path = ObjectsClasses1;
			sourceTree = "<group>";
		};
/* End PBXGroup section */

/* Begin PBXNativeTarget section */
		E78DE69D2BD683F6003DE0A5 /* ObjectsClasses1 */ = {
			isa = PBXNativeTarget;
			buildConfigurationList = E78DE6A52BD683F6003DE0A5 /* Build configuration list for PBXNativeTarget "ObjectsClasses1" */;
			buildPhases = (
				E78DE69A2BD683F6003DE0A5 /* Sources */,
				E78DE69B2BD683F6003DE0A5 /* Frameworks */,
				E78DE69C2BD683F6003DE0A5 /* CopyFiles */,
			);
			buildRules = (
			);
			dependencies = (
			);
			name = ObjectsClasses1;
			productName = ObjectsClasses1;
			productReference = E78DE69E2BD683F6003DE0A5 /* ObjectsClasses1 */;
			productType = "com.apple.product-type.tool";
		};
/* End PBXNativeTarget section */

/* Begin PBXProject section */
		E78DE6962BD683F5003DE0A5 /* Project object */ = {
			isa = PBXProject;
			attributes = {
				BuildIndependentTargetsInParallel = 1;
				LastUpgradeCheck = 1320;
				TargetAttributes = {
					E78DE69D2BD683F6003DE0A5 = {
						CreatedOnToolsVersion = 13.2;
					};
				};
			};
			buildConfigurationList = E78DE6992BD683F5003DE0A5 /* Build configuration list for PBXProject "ObjectsClasses1" */;
			compatibilityVersion = "Xcode 13.0";
			developmentRegion = en;
			hasScannedForEncodings = 0;
			knownRegions = (
				en,
				Base,
			);
			mainGroup = E78DE6952BD683F5003DE0A5;
			productRefGroup = E78DE69F2BD683F6003DE0A5 /* Products */;
			projectDirPath = "";
			projectRoot = "";
			targets = (
				E78DE69D2BD683F6003DE0A5 /* ObjectsClasses1 */,
			);
		};
/* End PBXProject section */

/* Begin PBXSourcesBuildPhase section */
		E78DE69A2BD683F6003DE0A5 /* Sources */ = {
			isa = PBXSourcesBuildPhase;
			buildActionMask = 2147483647;
			files = (
				E78DE6A22BD683F6003DE0A5 /* main.cpp in Sources */,
				E78DE6B62BE0FE3C003DE0A5 /* templateADTS.cpp in Sources */,
				E78DE6B02BD684D4003DE0A5 /* MyADTs.cpp in Sources */,
				E78DE6B32BD7EEAE003DE0A5 /* deitelclasses.cpp in Sources */,
			);
			runOnlyForDeploymentPostprocessing = 0;
		};
/* End PBXSourcesBuildPhase section */

/* Begin XCBuildConfiguration section */
		E78DE6A32BD683F6003DE0A5 /* Debug */ = {
			isa = XCBuildConfiguration;
			buildSettings = {
				ALWAYS_SEARCH_USER_PATHS = NO;
				CLANG_ANALYZER_NONNULL = YES;
				CLANG_ANALYZER_NUMBER_OBJECT_CONVERSION = YES_AGGRESSIVE;
				CLANG_CXX_LANGUAGE_STANDARD = "gnu++17";
				CLANG_CXX_LIBRARY = "libc++";
				CLANG_ENABLE_MODULES = YES;
				CLANG_ENABLE_OBJC_ARC = YES;
				CLANG_ENABLE_OBJC_WEAK = YES;
				CLANG_WARN_BLOCK_CAPTURE_AUTORELEASING = YES;
				CLANG_WARN_BOOL_CONVERSION = YES;
				CLANG_WARN_COMMA = YES;
				CLANG_WARN_CONSTANT_CONVERSION = YES;
				CLANG_WARN_DEPRECATED_OBJC_IMPLEMENTATIONS = YES;
				CLANG_WARN_DIRECT_OBJC_ISA_USAGE = YES_ERROR;
				CLANG_WARN_DOCUMENTATION_COMMENTS = YES;
				CLANG_WARN_EMPTY_BODY = YES;
				CLANG_WARN_ENUM_CONVERSION = YES;
				CLANG_WARN_INFINITE_RECURSION = YES;
				CLANG_WARN_INT_CONVERSION = YES;
				CLANG_WARN_NON_LITERAL_NULL_CONVERSION = YES;
				CLANG_WARN_OBJC_IMPLICIT_RETAIN_SELF = YES;
				CLANG_WARN_OBJC_LITERAL_CONVERSION = YES;
				CLANG_WARN_OBJC_ROOT_CLASS = YES_ERROR;
				CLANG_WARN_QUOTED_INCLUDE_IN_FRAMEWORK_HEADER = YES;
				CLANG_WARN_RANGE_LOOP_ANALYSIS = YES;
				CLANG_WARN_STRICT_PROTOTYPES = YES;
				CLANG_WARN_SUSPICIOUS_MOVE = YES;
				CLANG_WARN_UNGUARDED_AVAILABILITY = YES_AGGRESSIVE;
				CLANG_WARN_UNREACHABLE_CODE = YES;
				CLANG_WARN__DUPLICATE_METHOD_MATCH = YES;
				COPY_PHASE_STRIP = NO;
				DEBUG_INFORMATION_FORMAT = dwarf;
				ENABLE_STRICT_OBJC_MSGSEND = YES;
				ENABLE_TESTABILITY = YES;
				GCC_C_LANGUAGE_STANDARD = gnu11;
				GCC_DYNAMIC_NO_PIC = NO;
				GCC_NO_COMMON_BLOCKS = YES;
				GCC_OPTIMIZATION_LEVEL = 0;
				GCC_PREPROCESSOR_DEFINITIONS = (
					"DEBUG=1",
					"$(inherited)",
				);
				GCC_WARN_64_TO_32_BIT_CONVERSION = YES;
				GCC_WARN_ABOUT_RETURN_TYPE = YES_ERROR;
				GCC_WARN_UNDECLARED_SELECTOR = YES;
				GCC_WARN_UNINITIALIZED_AUTOS = YES_AGGRESSIVE;
				GCC_WARN_UNUSED_FUNCTION = YES;
				GCC_WARN_UNUSED_VARIABLE = YES;
				MACOSX_DEPLOYMENT_TARGET = 11.6;
				MTL_ENABLE_DEBUG_INFO = INCLUDE_SOURCE;
				MTL_FAST_MATH = YES;
				ONLY_ACTIVE_ARCH = YES;
				SDKROOT = macosx;
			};
			name = Debug;
		};
		E78DE6A42BD683F6003DE0A5 /* Release */ = {
			isa = XCBuildConfiguration;
			buildSettings = {
				ALWAYS_SEARCH_USER_PATHS = NO;
				CLANG_ANALYZER_NONNULL = YES;
				CLANG_ANALYZER_NUMBER_OBJECT_CONVERSION = YES_AGGRESSIVE;
				CLANG_CXX_LANGUAGE_STANDARD = "gnu++17";
				CLANG_CXX_LIBRARY = "libc++";
				CLANG_ENABLE_MODULES = YES;
				CLANG_ENABLE_OBJC_ARC = YES;
				CLANG_ENABLE_OBJC_WEAK = YES;
				CLANG_WARN_BLOCK_CAPTURE_AUTORELEASING = YES;
				CLANG_WARN_BOOL_CONVERSION = YES;
				CLANG_WARN_COMMA = YES;
				CLANG_WARN_CONSTANT_CONVERSION = YES;
				CLANG_WARN_DEPRECATED_OBJC_IMPLEMENTATIONS = YES;
				CLANG_WARN_DIRECT_OBJC_ISA_USAGE = YES_ERROR;
				CLANG_WARN_DOCUMENTATION_COMMENTS = YES;
				CLANG_WARN_EMPTY_BODY = YES;
				CLANG_WARN_ENUM_CONVERSION = YES;
				CLANG_WARN_INFINITE_RECURSION = YES;
				CLANG_WARN_INT_CONVERSION = YES;
				CLANG_WARN_NON_LITERAL_NULL_CONVERSION = YES;
				CLANG_WARN_OBJC_IMPLICIT_RETAIN_SELF = YES;
				CLANG_WARN_OBJC_LITERAL_CONVERSION = YES;
				CLANG_WARN_OBJC_ROOT_CLASS = YES_ERROR;
				CLANG_WARN_QUOTED_INCLUDE_IN_FRAMEWORK_HEADER = YES;
				CLANG_WARN_RANGE_LOOP_ANALYSIS = YES;
				CLANG_WARN_STRICT_PROTOTYPES = YES;
				CLANG_WARN_SUSPICIOUS_MOVE = YES;
				CLANG_WARN_UNGUARDED_AVAILABILITY = YES_AGGRESSIVE;
				CLANG_WARN_UNREACHABLE_CODE = YES;
				CLANG_WARN__DUPLICATE_METHOD_MATCH = YES;
				COPY_PHASE_STRIP = NO;
				DEBUG_INFORMATION_FORMAT = "dwarf-with-dsym";
				ENABLE_NS_ASSERTIONS = NO;
				ENABLE_STRICT_OBJC_MSGSEND = YES;
				GCC_C_LANGUAGE_STANDARD = gnu11;
				GCC_NO_COMMON_BLOCKS = YES;
				GCC_WARN_64_TO_32_BIT_CONVERSION = YES;
				GCC_WARN_ABOUT_RETURN_TYPE = YES_ERROR;
				GCC_WARN_UNDECLARED_SELECTOR = YES;
				GCC_WARN_UNINITIALIZED_AUTOS = YES_AGGRESSIVE;
				GCC_WARN_UNUSED_FUNCTION = YES;
				GCC_WARN_UNUSED_VARIABLE = YES;
				MACOSX_DEPLOYMENT_TARGET = 11.6;
				MTL_ENABLE_DEBUG_INFO = NO;
				MTL_FAST_MATH = YES;
				SDKROOT = macosx;
			};
			name = Release;
		};
		E78DE6A62BD683F6003DE0A5 /* Debug */ = {
			isa = XCBuildConfiguration;
			buildSettings = {
				CODE_SIGN_STYLE = Automatic;
				PRODUCT_NAME = "$(TARGET_NAME)";
			};
			name = Debug;
		};
		E78DE6A72BD683F6003DE0A5 /* Release */ = {
			isa = XCBuildConfiguration;
			buildSettings = {
				CODE_SIGN_STYLE = Automatic;
				PRODUCT_NAME = "$(TARGET_NAME)";
			};
			name = Release;
		};
/* End XCBuildConfiguration section */

/* Begin XCConfigurationList section */
		E78DE6992BD683F5003DE0A5 /* Build configuration list for PBXProject "ObjectsClasses1" */ = {
			isa = XCConfigurationList;
			buildConfigurations = (
				E78DE6A32BD683F6003DE0A5 /* Debug */,
				E78DE6A42BD683F6003DE0A5 /* Release */,
			);
			defaultConfigurationIsVisible = 0;
			defaultConfigurationName = Release;
		};
		E78DE6A52BD683F6003DE0A5 /* Build configuration list for PBXNativeTarget "ObjectsClasses1" */ = {
			isa = XCConfigurationList;
			buildConfigurations = (
				E78DE6A62BD683F6003DE0A5 /* Debug */,
				E78DE6A72BD683F6003DE0A5 /* Release */,
			);
			defaultConfigurationIsVisible = 0;
			defaultConfigurationName = Release;
		};
/* End XCConfigurationList section */
	};
	rootObject = E78DE6962BD683F5003DE0A5 /* Project object */;
}
